// !$*UTF8*$!
{
	archiveVersion = 1;
	classes = {
	};
	objectVersion = 46;
	objects = {

/* Begin PBXBuildFile section */
		7821185619F2A61A00B122A0 /* RasMainViewController.m in Sources */ = {isa = PBXBuildFile; fileRef = 7821185419F2A61A00B122A0 /* RasMainViewController.m */; };
		7821185719F2A61A00B122A0 /* RasMainViewController.xib in Resources */ = {isa = PBXBuildFile; fileRef = 7821185519F2A61A00B122A0 /* RasMainViewController.xib */; };
		7821185B19F2A90300B122A0 /* Default-568h@2x.png in Resources */ = {isa = PBXBuildFile; fileRef = 7821185A19F2A90300B122A0 /* Default-568h@2x.png */; };
		7821185E19F2ABD800B122A0 /* RasBaseNavigationController.m in Sources */ = {isa = PBXBuildFile; fileRef = 7821185D19F2ABD800B122A0 /* RasBaseNavigationController.m */; };
		7821186219F2AC9200B122A0 /* RasRecordViewController.m in Sources */ = {isa = PBXBuildFile; fileRef = 7821186019F2AC9200B122A0 /* RasRecordViewController.m */; };
		7821186319F2AC9200B122A0 /* RasRecordViewController.xib in Resources */ = {isa = PBXBuildFile; fileRef = 7821186119F2AC9200B122A0 /* RasRecordViewController.xib */; };
		7821186719F2ACC800B122A0 /* RasMixerViewController.m in Sources */ = {isa = PBXBuildFile; fileRef = 7821186519F2ACC800B122A0 /* RasMixerViewController.m */; };
		7821186819F2ACC800B122A0 /* RasMixerViewController.xib in Resources */ = {isa = PBXBuildFile; fileRef = 7821186619F2ACC800B122A0 /* RasMixerViewController.xib */; };
		7856353519F23D13002C625E /* libTheAmazingAudioEngine.a in Frameworks */ = {isa = PBXBuildFile; fileRef = 7856353419F23D13002C625E /* libTheAmazingAudioEngine.a */; };
		7856353719F23D2D002C625E /* AVFoundation.framework in Frameworks */ = {isa = PBXBuildFile; fileRef = 7856353619F23D2D002C625E /* AVFoundation.framework */; };
		7856353919F23D36002C625E /* Accelerate.framework in Frameworks */ = {isa = PBXBuildFile; fileRef = 7856353819F23D36002C625E /* Accelerate.framework */; };
		7856353B19F23D3C002C625E /* AudioToolbox.framework in Frameworks */ = {isa = PBXBuildFile; fileRef = 7856353A19F23D3C002C625E /* AudioToolbox.framework */; };
		7856353F19F23D45002C625E /* CoreAudio.framework in Frameworks */ = {isa = PBXBuildFile; fileRef = 7856353D19F23D45002C625E /* CoreAudio.framework */; };
		7856354119F23D4D002C625E /* QuartzCore.framework in Frameworks */ = {isa = PBXBuildFile; fileRef = 7856354019F23D4D002C625E /* QuartzCore.framework */; };
		7856354319F23D53002C625E /* UIKit.framework in Frameworks */ = {isa = PBXBuildFile; fileRef = 7856354219F23D53002C625E /* UIKit.framework */; };
		7856354519F23D61002C625E /* Foundation.framework in Frameworks */ = {isa = PBXBuildFile; fileRef = 7856354419F23D61002C625E /* Foundation.framework */; };
		7856354719F23D72002C625E /* CoreGraphics.framework in Frameworks */ = {isa = PBXBuildFile; fileRef = 7856354619F23D72002C625E /* CoreGraphics.framework */; };
		785635C519F253BB002C625E /* InfoPlist.strings in Resources */ = {isa = PBXBuildFile; fileRef = 785635B919F253BB002C625E /* InfoPlist.strings */; };
		785635C619F253BB002C625E /* Localizable.strings in Resources */ = {isa = PBXBuildFile; fileRef = 785635BB19F253BB002C625E /* Localizable.strings */; };
		785635C719F253BB002C625E /* Images.xcassets in Resources */ = {isa = PBXBuildFile; fileRef = 785635BE19F253BB002C625E /* Images.xcassets */; };
		7856361519F25540002C625E /* Reachability.m in Sources */ = {isa = PBXBuildFile; fileRef = 785635D119F25540002C625E /* Reachability.m */; };
		7856361619F25540002C625E /* SVProgressHUD.bundle in Resources */ = {isa = PBXBuildFile; fileRef = 785635D419F25540002C625E /* SVProgressHUD.bundle */; };
		7856361719F25540002C625E /* SVProgressHUD.m in Sources */ = {isa = PBXBuildFile; fileRef = 785635D619F25540002C625E /* SVProgressHUD.m */; };
		7856361819F25540002C625E /* UIPlaceHolderTextView.m in Sources */ = {isa = PBXBuildFile; fileRef = 785635D819F25540002C625E /* UIPlaceHolderTextView.m */; };
		7856361A19F25540002C625E /* NSObject+RFEvent.m in Sources */ = {isa = PBXBuildFile; fileRef = 785635DB19F25540002C625E /* NSObject+RFEvent.m */; };
		7856361C19F25540002C625E /* RFActionSheet.m in Sources */ = {isa = PBXBuildFile; fileRef = 785635DF19F25540002C625E /* RFActionSheet.m */; };
		7856361D19F25540002C625E /* RFAlertView.m in Sources */ = {isa = PBXBuildFile; fileRef = 785635E119F25540002C625E /* RFAlertView.m */; };
		7856361E19F25540002C625E /* RFAppDelegate.m in Sources */ = {isa = PBXBuildFile; fileRef = 785635E319F25540002C625E /* RFAppDelegate.m */; };
		7856361F19F25540002C625E /* RFBaseNavigationController.m in Sources */ = {isa = PBXBuildFile; fileRef = 785635E519F25540002C625E /* RFBaseNavigationController.m */; };
		7856362019F25540002C625E /* RFBaseTabBarController.m in Sources */ = {isa = PBXBuildFile; fileRef = 785635E719F25540002C625E /* RFBaseTabBarController.m */; };
		7856362119F25540002C625E /* RFBaseViewController.m in Sources */ = {isa = PBXBuildFile; fileRef = 785635E919F25540002C625E /* RFBaseViewController.m */; };
		7856362219F25540002C625E /* RFCmdBaseRequest.m in Sources */ = {isa = PBXBuildFile; fileRef = 785635EB19F25540002C625E /* RFCmdBaseRequest.m */; };
		7856362319F25540002C625E /* RFCmdBgRequest.m in Sources */ = {isa = PBXBuildFile; fileRef = 785635ED19F25540002C625E /* RFCmdBgRequest.m */; };
		7856362419F25540002C625E /* RFCmdConfig.m in Sources */ = {isa = PBXBuildFile; fileRef = 785635EF19F25540002C625E /* RFCmdConfig.m */; };
		7856362519F25540002C625E /* RFCmdRequest.m in Sources */ = {isa = PBXBuildFile; fileRef = 785635F119F25540002C625E /* RFCmdRequest.m */; };
		7856362619F25540002C625E /* RFCmdResult.m in Sources */ = {isa = PBXBuildFile; fileRef = 785635F319F25540002C625E /* RFCmdResult.m */; };
		7856362719F25540002C625E /* RFColor.m in Sources */ = {isa = PBXBuildFile; fileRef = 785635F519F25540002C625E /* RFColor.m */; };
		7856362819F25540002C625E /* RFImageWork.m in Sources */ = {isa = PBXBuildFile; fileRef = 785635F719F25540002C625E /* RFImageWork.m */; };
		7856362919F25540002C625E /* RFKit.m in Sources */ = {isa = PBXBuildFile; fileRef = 785635F919F25540002C625E /* RFKit.m */; };
		7856362A19F25540002C625E /* RFNetworkKit.m in Sources */ = {isa = PBXBuildFile; fileRef = 785635FB19F25540002C625E /* RFNetworkKit.m */; };
		7856362B19F25540002C625E /* RFRequestWork.m in Sources */ = {isa = PBXBuildFile; fileRef = 785635FD19F25540002C625E /* RFRequestWork.m */; };
		7856362C19F25540002C625E /* RFStorageKit.m in Sources */ = {isa = PBXBuildFile; fileRef = 785635FF19F25540002C625E /* RFStorageKit.m */; };
		7856362D19F25540002C625E /* RFTelephone.m in Sources */ = {isa = PBXBuildFile; fileRef = 7856360119F25540002C625E /* RFTelephone.m */; };
		7856362E19F25540002C625E /* RFUICountDownButton.m in Sources */ = {isa = PBXBuildFile; fileRef = 7856360319F25540002C625E /* RFUICountDownButton.m */; };
		7856362F19F25540002C625E /* RFUIKit.m in Sources */ = {isa = PBXBuildFile; fileRef = 7856360519F25540002C625E /* RFUIKit.m */; };
		7856363019F25540002C625E /* RFUILoadingView.m in Sources */ = {isa = PBXBuildFile; fileRef = 7856360719F25540002C625E /* RFUILoadingView.m */; };
		7856363119F25540002C625E /* RFUILockView.m in Sources */ = {isa = PBXBuildFile; fileRef = 7856360919F25540002C625E /* RFUILockView.m */; };
		7856363219F25540002C625E /* RFUITextField.m in Sources */ = {isa = PBXBuildFile; fileRef = 7856360B19F25540002C625E /* RFUITextField.m */; };
		7856363319F25540002C625E /* RFUITextView.m in Sources */ = {isa = PBXBuildFile; fileRef = 7856360D19F25540002C625E /* RFUITextView.m */; };
		7856363419F25540002C625E /* RFWork.m in Sources */ = {isa = PBXBuildFile; fileRef = 7856360F19F25540002C625E /* RFWork.m */; };
		7856363519F25540002C625E /* UIButton+RFImageWork.m in Sources */ = {isa = PBXBuildFile; fileRef = 7856361119F25540002C625E /* UIButton+RFImageWork.m */; };
		7856363619F25540002C625E /* UIImageView+RFImageWork.m in Sources */ = {isa = PBXBuildFile; fileRef = 7856361319F25540002C625E /* UIImageView+RFImageWork.m */; };
		7856363E19F25FCA002C625E /* RasKit.m in Sources */ = {isa = PBXBuildFile; fileRef = 7856363D19F25FCA002C625E /* RasKit.m */; };
		7856364119F25FD9002C625E /* RasUIKit.m in Sources */ = {isa = PBXBuildFile; fileRef = 7856364019F25FD9002C625E /* RasUIKit.m */; };
		7856364B19F26136002C625E /* RasDataMgr.m in Sources */ = {isa = PBXBuildFile; fileRef = 7856364A19F26136002C625E /* RasDataMgr.m */; };
		7856365119F26167002C625E /* RasBaseViewController.m in Sources */ = {isa = PBXBuildFile; fileRef = 7856364F19F26167002C625E /* RasBaseViewController.m */; };
		7856365419F2618B002C625E /* RasWork.m in Sources */ = {isa = PBXBuildFile; fileRef = 7856365319F2618B002C625E /* RasWork.m */; };
		7894358C19F3588300E5BCAC /* RasMusicSelectViewController.m in Sources */ = {isa = PBXBuildFile; fileRef = 7894358A19F3588300E5BCAC /* RasMusicSelectViewController.m */; };
		7894358D19F3588300E5BCAC /* RasMusicSelectViewController.xib in Resources */ = {isa = PBXBuildFile; fileRef = 7894358B19F3588300E5BCAC /* RasMusicSelectViewController.xib */; };
		78AC314419F23C810005ADDE /* main.m in Sources */ = {isa = PBXBuildFile; fileRef = 78AC314319F23C810005ADDE /* main.m */; };
		78AC314719F23C810005ADDE /* AppDelegate.m in Sources */ = {isa = PBXBuildFile; fileRef = 78AC314619F23C810005ADDE /* AppDelegate.m */; };
		78DFCA7419F4F4ED00741F04 /* RasSliderControl.m in Sources */ = {isa = PBXBuildFile; fileRef = 78DFCA7319F4F4ED00741F04 /* RasSliderControl.m */; };
		78DFCA7719F4F4FE00741F04 /* RasTrackEditorControl.m in Sources */ = {isa = PBXBuildFile; fileRef = 78DFCA7619F4F4FE00741F04 /* RasTrackEditorControl.m */; };
		78E6EE2B19F360CF0070CD24 /* MediaPlayer.framework in Frameworks */ = {isa = PBXBuildFile; fileRef = 78E6EE2919F360CF0070CD24 /* MediaPlayer.framework */; };
		78E6EE2C19F360CF0070CD24 /* MediaToolbox.framework in Frameworks */ = {isa = PBXBuildFile; fileRef = 78E6EE2A19F360CF0070CD24 /* MediaToolbox.framework */; };
		78E6EE3119F3C96E0070CD24 /* RasTrackInfo.m in Sources */ = {isa = PBXBuildFile; fileRef = 78E6EE3019F3C96E0070CD24 /* RasTrackInfo.m */; };
/* End PBXBuildFile section */

/* Begin PBXFileReference section */
		7821185319F2A61A00B122A0 /* RasMainViewController.h */ = {isa = PBXFileReference; fileEncoding = 4; lastKnownFileType = sourcecode.c.h; path = RasMainViewController.h; sourceTree = "<group>"; };
		7821185419F2A61A00B122A0 /* RasMainViewController.m */ = {isa = PBXFileReference; fileEncoding = 4; lastKnownFileType = sourcecode.c.objc; path = RasMainViewController.m; sourceTree = "<group>"; };
		7821185519F2A61A00B122A0 /* RasMainViewController.xib */ = {isa = PBXFileReference; fileEncoding = 4; lastKnownFileType = file.xib; path = RasMainViewController.xib; sourceTree = "<group>"; };
		7821185A19F2A90300B122A0 /* Default-568h@2x.png */ = {isa = PBXFileReference; lastKnownFileType = image.png; path = "Default-568h@2x.png"; sourceTree = "<group>"; };
		7821185C19F2ABD800B122A0 /* RasBaseNavigationController.h */ = {isa = PBXFileReference; fileEncoding = 4; lastKnownFileType = sourcecode.c.h; path = RasBaseNavigationController.h; sourceTree = "<group>"; };
		7821185D19F2ABD800B122A0 /* RasBaseNavigationController.m */ = {isa = PBXFileReference; fileEncoding = 4; lastKnownFileType = sourcecode.c.objc; path = RasBaseNavigationController.m; sourceTree = "<group>"; };
		7821185F19F2AC9200B122A0 /* RasRecordViewController.h */ = {isa = PBXFileReference; fileEncoding = 4; lastKnownFileType = sourcecode.c.h; path = RasRecordViewController.h; sourceTree = "<group>"; };
		7821186019F2AC9200B122A0 /* RasRecordViewController.m */ = {isa = PBXFileReference; fileEncoding = 4; lastKnownFileType = sourcecode.c.objc; path = RasRecordViewController.m; sourceTree = "<group>"; };
		7821186119F2AC9200B122A0 /* RasRecordViewController.xib */ = {isa = PBXFileReference; fileEncoding = 4; lastKnownFileType = file.xib; path = RasRecordViewController.xib; sourceTree = "<group>"; };
		7821186419F2ACC800B122A0 /* RasMixerViewController.h */ = {isa = PBXFileReference; fileEncoding = 4; lastKnownFileType = sourcecode.c.h; path = RasMixerViewController.h; sourceTree = "<group>"; };
		7821186519F2ACC800B122A0 /* RasMixerViewController.m */ = {isa = PBXFileReference; fileEncoding = 4; lastKnownFileType = sourcecode.c.objc; path = RasMixerViewController.m; sourceTree = "<group>"; };
		7821186619F2ACC800B122A0 /* RasMixerViewController.xib */ = {isa = PBXFileReference; fileEncoding = 4; lastKnownFileType = file.xib; path = RasMixerViewController.xib; sourceTree = "<group>"; };
		7856353419F23D13002C625E /* libTheAmazingAudioEngine.a */ = {isa = PBXFileReference; lastKnownFileType = archive.ar; name = libTheAmazingAudioEngine.a; path = "../../DerivedData/RFAudio4TAAE/Build/Products/Debug-iphoneos/libTheAmazingAudioEngine.a"; sourceTree = "<group>"; };
		7856353619F23D2D002C625E /* AVFoundation.framework */ = {isa = PBXFileReference; lastKnownFileType = wrapper.framework; name = AVFoundation.framework; path = System/Library/Frameworks/AVFoundation.framework; sourceTree = SDKROOT; };
		7856353819F23D36002C625E /* Accelerate.framework */ = {isa = PBXFileReference; lastKnownFileType = wrapper.framework; name = Accelerate.framework; path = System/Library/Frameworks/Accelerate.framework; sourceTree = SDKROOT; };
		7856353A19F23D3C002C625E /* AudioToolbox.framework */ = {isa = PBXFileReference; lastKnownFileType = wrapper.framework; name = AudioToolbox.framework; path = System/Library/Frameworks/AudioToolbox.framework; sourceTree = SDKROOT; };
		7856353D19F23D45002C625E /* CoreAudio.framework */ = {isa = PBXFileReference; lastKnownFileType = wrapper.framework; name = CoreAudio.framework; path = System/Library/Frameworks/CoreAudio.framework; sourceTree = SDKROOT; };
		7856354019F23D4D002C625E /* QuartzCore.framework */ = {isa = PBXFileReference; lastKnownFileType = wrapper.framework; name = QuartzCore.framework; path = System/Library/Frameworks/QuartzCore.framework; sourceTree = SDKROOT; };
		7856354219F23D53002C625E /* UIKit.framework */ = {isa = PBXFileReference; lastKnownFileType = wrapper.framework; name = UIKit.framework; path = System/Library/Frameworks/UIKit.framework; sourceTree = SDKROOT; };
		7856354419F23D61002C625E /* Foundation.framework */ = {isa = PBXFileReference; lastKnownFileType = wrapper.framework; name = Foundation.framework; path = System/Library/Frameworks/Foundation.framework; sourceTree = SDKROOT; };
		7856354619F23D72002C625E /* CoreGraphics.framework */ = {isa = PBXFileReference; lastKnownFileType = wrapper.framework; name = CoreGraphics.framework; path = System/Library/Frameworks/CoreGraphics.framework; sourceTree = SDKROOT; };
		785635BA19F253BB002C625E /* en */ = {isa = PBXFileReference; lastKnownFileType = text.plist.strings; name = en; path = en.lproj/InfoPlist.strings; sourceTree = "<group>"; };
		785635BC19F253BB002C625E /* en */ = {isa = PBXFileReference; lastKnownFileType = text.plist.strings; name = en; path = en.lproj/Localizable.strings; sourceTree = "<group>"; };
		785635BE19F253BB002C625E /* Images.xcassets */ = {isa = PBXFileReference; lastKnownFileType = folder.assetcatalog; path = Images.xcassets; sourceTree = "<group>"; };
		785635BF19F253BB002C625E /* Info.plist */ = {isa = PBXFileReference; fileEncoding = 4; lastKnownFileType = text.plist.xml; path = Info.plist; sourceTree = "<group>"; };
		785635C019F253BB002C625E /* multi-language.xls */ = {isa = PBXFileReference; lastKnownFileType = file; path = "multi-language.xls"; sourceTree = "<group>"; };
		785635C219F253BB002C625E /* zh-Hans */ = {isa = PBXFileReference; lastKnownFileType = text.plist.strings; name = "zh-Hans"; path = "zh-Hans.lproj/InfoPlist.strings"; sourceTree = "<group>"; };
		785635C319F253BB002C625E /* zh-Hans */ = {isa = PBXFileReference; lastKnownFileType = text.plist.strings; name = "zh-Hans"; path = "zh-Hans.lproj/Localizable.strings"; sourceTree = "<group>"; };
		785635CB19F2547B002C625E /* Prefix.pch */ = {isa = PBXFileReference; fileEncoding = 4; lastKnownFileType = sourcecode.c.h; path = Prefix.pch; sourceTree = "<group>"; };
		785635CF19F25540002C625E /* ARCMacros.h */ = {isa = PBXFileReference; fileEncoding = 4; lastKnownFileType = sourcecode.c.h; path = ARCMacros.h; sourceTree = "<group>"; };
		785635D019F25540002C625E /* Reachability.h */ = {isa = PBXFileReference; fileEncoding = 4; lastKnownFileType = sourcecode.c.h; path = Reachability.h; sourceTree = "<group>"; };
		785635D119F25540002C625E /* Reachability.m */ = {isa = PBXFileReference; fileEncoding = 4; lastKnownFileType = sourcecode.c.objc; path = Reachability.m; sourceTree = "<group>"; };
		785635D319F25540002C625E /* SVProgressHUD-Prefix.pch */ = {isa = PBXFileReference; fileEncoding = 4; lastKnownFileType = sourcecode.c.h; path = "SVProgressHUD-Prefix.pch"; sourceTree = "<group>"; };
		785635D419F25540002C625E /* SVProgressHUD.bundle */ = {isa = PBXFileReference; lastKnownFileType = "wrapper.plug-in"; path = SVProgressHUD.bundle; sourceTree = "<group>"; };
		785635D519F25540002C625E /* SVProgressHUD.h */ = {isa = PBXFileReference; fileEncoding = 4; lastKnownFileType = sourcecode.c.h; path = SVProgressHUD.h; sourceTree = "<group>"; };
		785635D619F25540002C625E /* SVProgressHUD.m */ = {isa = PBXFileReference; fileEncoding = 4; lastKnownFileType = sourcecode.c.objc; path = SVProgressHUD.m; sourceTree = "<group>"; };
		785635D719F25540002C625E /* UIPlaceHolderTextView.h */ = {isa = PBXFileReference; fileEncoding = 4; lastKnownFileType = sourcecode.c.h; path = UIPlaceHolderTextView.h; sourceTree = "<group>"; };
		785635D819F25540002C625E /* UIPlaceHolderTextView.m */ = {isa = PBXFileReference; fileEncoding = 4; lastKnownFileType = sourcecode.c.objc; path = UIPlaceHolderTextView.m; sourceTree = "<group>"; };
		785635DA19F25540002C625E /* NSObject+RFEvent.h */ = {isa = PBXFileReference; fileEncoding = 4; lastKnownFileType = sourcecode.c.h; path = "NSObject+RFEvent.h"; sourceTree = "<group>"; };
		785635DB19F25540002C625E /* NSObject+RFEvent.m */ = {isa = PBXFileReference; fileEncoding = 4; lastKnownFileType = sourcecode.c.objc; path = "NSObject+RFEvent.m"; sourceTree = "<group>"; };
		785635DD19F25540002C625E /* RF.h */ = {isa = PBXFileReference; fileEncoding = 4; lastKnownFileType = sourcecode.c.h; path = RF.h; sourceTree = "<group>"; };
		785635DE19F25540002C625E /* RFActionSheet.h */ = {isa = PBXFileReference; fileEncoding = 4; lastKnownFileType = sourcecode.c.h; path = RFActionSheet.h; sourceTree = "<group>"; };
		785635DF19F25540002C625E /* RFActionSheet.m */ = {isa = PBXFileReference; fileEncoding = 4; lastKnownFileType = sourcecode.c.objc; path = RFActionSheet.m; sourceTree = "<group>"; };
		785635E019F25540002C625E /* RFAlertView.h */ = {isa = PBXFileReference; fileEncoding = 4; lastKnownFileType = sourcecode.c.h; path = RFAlertView.h; sourceTree = "<group>"; };
		785635E119F25540002C625E /* RFAlertView.m */ = {isa = PBXFileReference; fileEncoding = 4; lastKnownFileType = sourcecode.c.objc; path = RFAlertView.m; sourceTree = "<group>"; };
		785635E219F25540002C625E /* RFAppDelegate.h */ = {isa = PBXFileReference; fileEncoding = 4; lastKnownFileType = sourcecode.c.h; path = RFAppDelegate.h; sourceTree = "<group>"; };
		785635E319F25540002C625E /* RFAppDelegate.m */ = {isa = PBXFileReference; fileEncoding = 4; lastKnownFileType = sourcecode.c.objc; path = RFAppDelegate.m; sourceTree = "<group>"; };
		785635E419F25540002C625E /* RFBaseNavigationController.h */ = {isa = PBXFileReference; fileEncoding = 4; lastKnownFileType = sourcecode.c.h; path = RFBaseNavigationController.h; sourceTree = "<group>"; };
		785635E519F25540002C625E /* RFBaseNavigationController.m */ = {isa = PBXFileReference; fileEncoding = 4; lastKnownFileType = sourcecode.c.objc; path = RFBaseNavigationController.m; sourceTree = "<group>"; };
		785635E619F25540002C625E /* RFBaseTabBarController.h */ = {isa = PBXFileReference; fileEncoding = 4; lastKnownFileType = sourcecode.c.h; path = RFBaseTabBarController.h; sourceTree = "<group>"; };
		785635E719F25540002C625E /* RFBaseTabBarController.m */ = {isa = PBXFileReference; fileEncoding = 4; lastKnownFileType = sourcecode.c.objc; path = RFBaseTabBarController.m; sourceTree = "<group>"; };
		785635E819F25540002C625E /* RFBaseViewController.h */ = {isa = PBXFileReference; fileEncoding = 4; lastKnownFileType = sourcecode.c.h; path = RFBaseViewController.h; sourceTree = "<group>"; };
		785635E919F25540002C625E /* RFBaseViewController.m */ = {isa = PBXFileReference; fileEncoding = 4; lastKnownFileType = sourcecode.c.objc; path = RFBaseViewController.m; sourceTree = "<group>"; };
		785635EA19F25540002C625E /* RFCmdBaseRequest.h */ = {isa = PBXFileReference; fileEncoding = 4; lastKnownFileType = sourcecode.c.h; path = RFCmdBaseRequest.h; sourceTree = "<group>"; };
		785635EB19F25540002C625E /* RFCmdBaseRequest.m */ = {isa = PBXFileReference; fileEncoding = 4; lastKnownFileType = sourcecode.c.objc; path = RFCmdBaseRequest.m; sourceTree = "<group>"; };
		785635EC19F25540002C625E /* RFCmdBgRequest.h */ = {isa = PBXFileReference; fileEncoding = 4; lastKnownFileType = sourcecode.c.h; path = RFCmdBgRequest.h; sourceTree = "<group>"; };
		785635ED19F25540002C625E /* RFCmdBgRequest.m */ = {isa = PBXFileReference; fileEncoding = 4; lastKnownFileType = sourcecode.c.objc; path = RFCmdBgRequest.m; sourceTree = "<group>"; };
		785635EE19F25540002C625E /* RFCmdConfig.h */ = {isa = PBXFileReference; fileEncoding = 4; lastKnownFileType = sourcecode.c.h; path = RFCmdConfig.h; sourceTree = "<group>"; };
		785635EF19F25540002C625E /* RFCmdConfig.m */ = {isa = PBXFileReference; fileEncoding = 4; lastKnownFileType = sourcecode.c.objc; path = RFCmdConfig.m; sourceTree = "<group>"; };
		785635F019F25540002C625E /* RFCmdRequest.h */ = {isa = PBXFileReference; fileEncoding = 4; lastKnownFileType = sourcecode.c.h; path = RFCmdRequest.h; sourceTree = "<group>"; };
		785635F119F25540002C625E /* RFCmdRequest.m */ = {isa = PBXFileReference; fileEncoding = 4; lastKnownFileType = sourcecode.c.objc; path = RFCmdRequest.m; sourceTree = "<group>"; };
		785635F219F25540002C625E /* RFCmdResult.h */ = {isa = PBXFileReference; fileEncoding = 4; lastKnownFileType = sourcecode.c.h; path = RFCmdResult.h; sourceTree = "<group>"; };
		785635F319F25540002C625E /* RFCmdResult.m */ = {isa = PBXFileReference; fileEncoding = 4; lastKnownFileType = sourcecode.c.objc; path = RFCmdResult.m; sourceTree = "<group>"; };
		785635F419F25540002C625E /* RFColor.h */ = {isa = PBXFileReference; fileEncoding = 4; lastKnownFileType = sourcecode.c.h; path = RFColor.h; sourceTree = "<group>"; };
		785635F519F25540002C625E /* RFColor.m */ = {isa = PBXFileReference; fileEncoding = 4; lastKnownFileType = sourcecode.c.objc; path = RFColor.m; sourceTree = "<group>"; };
		785635F619F25540002C625E /* RFImageWork.h */ = {isa = PBXFileReference; fileEncoding = 4; lastKnownFileType = sourcecode.c.h; path = RFImageWork.h; sourceTree = "<group>"; };
		785635F719F25540002C625E /* RFImageWork.m */ = {isa = PBXFileReference; fileEncoding = 4; lastKnownFileType = sourcecode.c.objc; path = RFImageWork.m; sourceTree = "<group>"; };
		785635F819F25540002C625E /* RFKit.h */ = {isa = PBXFileReference; fileEncoding = 4; lastKnownFileType = sourcecode.c.h; path = RFKit.h; sourceTree = "<group>"; };
		785635F919F25540002C625E /* RFKit.m */ = {isa = PBXFileReference; fileEncoding = 4; lastKnownFileType = sourcecode.c.objc; path = RFKit.m; sourceTree = "<group>"; };
		785635FA19F25540002C625E /* RFNetworkKit.h */ = {isa = PBXFileReference; fileEncoding = 4; lastKnownFileType = sourcecode.c.h; path = RFNetworkKit.h; sourceTree = "<group>"; };
		785635FB19F25540002C625E /* RFNetworkKit.m */ = {isa = PBXFileReference; fileEncoding = 4; lastKnownFileType = sourcecode.c.objc; path = RFNetworkKit.m; sourceTree = "<group>"; };
		785635FC19F25540002C625E /* RFRequestWork.h */ = {isa = PBXFileReference; fileEncoding = 4; lastKnownFileType = sourcecode.c.h; path = RFRequestWork.h; sourceTree = "<group>"; };
		785635FD19F25540002C625E /* RFRequestWork.m */ = {isa = PBXFileReference; fileEncoding = 4; lastKnownFileType = sourcecode.c.objc; path = RFRequestWork.m; sourceTree = "<group>"; };
		785635FE19F25540002C625E /* RFStorageKit.h */ = {isa = PBXFileReference; fileEncoding = 4; lastKnownFileType = sourcecode.c.h; path = RFStorageKit.h; sourceTree = "<group>"; };
		785635FF19F25540002C625E /* RFStorageKit.m */ = {isa = PBXFileReference; fileEncoding = 4; lastKnownFileType = sourcecode.c.objc; path = RFStorageKit.m; sourceTree = "<group>"; };
		7856360019F25540002C625E /* RFTelephone.h */ = {isa = PBXFileReference; fileEncoding = 4; lastKnownFileType = sourcecode.c.h; path = RFTelephone.h; sourceTree = "<group>"; };
		7856360119F25540002C625E /* RFTelephone.m */ = {isa = PBXFileReference; fileEncoding = 4; lastKnownFileType = sourcecode.c.objc; path = RFTelephone.m; sourceTree = "<group>"; };
		7856360219F25540002C625E /* RFUICountDownButton.h */ = {isa = PBXFileReference; fileEncoding = 4; lastKnownFileType = sourcecode.c.h; path = RFUICountDownButton.h; sourceTree = "<group>"; };
		7856360319F25540002C625E /* RFUICountDownButton.m */ = {isa = PBXFileReference; fileEncoding = 4; lastKnownFileType = sourcecode.c.objc; path = RFUICountDownButton.m; sourceTree = "<group>"; };
		7856360419F25540002C625E /* RFUIKit.h */ = {isa = PBXFileReference; fileEncoding = 4; lastKnownFileType = sourcecode.c.h; path = RFUIKit.h; sourceTree = "<group>"; };
		7856360519F25540002C625E /* RFUIKit.m */ = {isa = PBXFileReference; fileEncoding = 4; lastKnownFileType = sourcecode.c.objc; path = RFUIKit.m; sourceTree = "<group>"; };
		7856360619F25540002C625E /* RFUILoadingView.h */ = {isa = PBXFileReference; fileEncoding = 4; lastKnownFileType = sourcecode.c.h; path = RFUILoadingView.h; sourceTree = "<group>"; };
		7856360719F25540002C625E /* RFUILoadingView.m */ = {isa = PBXFileReference; fileEncoding = 4; lastKnownFileType = sourcecode.c.objc; path = RFUILoadingView.m; sourceTree = "<group>"; };
		7856360819F25540002C625E /* RFUILockView.h */ = {isa = PBXFileReference; fileEncoding = 4; lastKnownFileType = sourcecode.c.h; path = RFUILockView.h; sourceTree = "<group>"; };
		7856360919F25540002C625E /* RFUILockView.m */ = {isa = PBXFileReference; fileEncoding = 4; lastKnownFileType = sourcecode.c.objc; path = RFUILockView.m; sourceTree = "<group>"; };
		7856360A19F25540002C625E /* RFUITextField.h */ = {isa = PBXFileReference; fileEncoding = 4; lastKnownFileType = sourcecode.c.h; path = RFUITextField.h; sourceTree = "<group>"; };
		7856360B19F25540002C625E /* RFUITextField.m */ = {isa = PBXFileReference; fileEncoding = 4; lastKnownFileType = sourcecode.c.objc; path = RFUITextField.m; sourceTree = "<group>"; };
		7856360C19F25540002C625E /* RFUITextView.h */ = {isa = PBXFileReference; fileEncoding = 4; lastKnownFileType = sourcecode.c.h; path = RFUITextView.h; sourceTree = "<group>"; };
		7856360D19F25540002C625E /* RFUITextView.m */ = {isa = PBXFileReference; fileEncoding = 4; lastKnownFileType = sourcecode.c.objc; path = RFUITextView.m; sourceTree = "<group>"; };
		7856360E19F25540002C625E /* RFWork.h */ = {isa = PBXFileReference; fileEncoding = 4; lastKnownFileType = sourcecode.c.h; path = RFWork.h; sourceTree = "<group>"; };
		7856360F19F25540002C625E /* RFWork.m */ = {isa = PBXFileReference; fileEncoding = 4; lastKnownFileType = sourcecode.c.objc; path = RFWork.m; sourceTree = "<group>"; };
		7856361019F25540002C625E /* UIButton+RFImageWork.h */ = {isa = PBXFileReference; fileEncoding = 4; lastKnownFileType = sourcecode.c.h; path = "UIButton+RFImageWork.h"; sourceTree = "<group>"; };
		7856361119F25540002C625E /* UIButton+RFImageWork.m */ = {isa = PBXFileReference; fileEncoding = 4; lastKnownFileType = sourcecode.c.objc; path = "UIButton+RFImageWork.m"; sourceTree = "<group>"; };
		7856361219F25540002C625E /* UIImageView+RFImageWork.h */ = {isa = PBXFileReference; fileEncoding = 4; lastKnownFileType = sourcecode.c.h; path = "UIImageView+RFImageWork.h"; sourceTree = "<group>"; };
		7856361319F25540002C625E /* UIImageView+RFImageWork.m */ = {isa = PBXFileReference; fileEncoding = 4; lastKnownFileType = sourcecode.c.objc; path = "UIImageView+RFImageWork.m"; sourceTree = "<group>"; };
		7856363B19F25FB6002C625E /* Define.h */ = {isa = PBXFileReference; lastKnownFileType = sourcecode.c.h; path = Define.h; sourceTree = "<group>"; };
		7856363C19F25FCA002C625E /* RasKit.h */ = {isa = PBXFileReference; fileEncoding = 4; lastKnownFileType = sourcecode.c.h; path = RasKit.h; sourceTree = "<group>"; };
		7856363D19F25FCA002C625E /* RasKit.m */ = {isa = PBXFileReference; fileEncoding = 4; lastKnownFileType = sourcecode.c.objc; path = RasKit.m; sourceTree = "<group>"; };
		7856363F19F25FD9002C625E /* RasUIKit.h */ = {isa = PBXFileReference; fileEncoding = 4; lastKnownFileType = sourcecode.c.h; path = RasUIKit.h; sourceTree = "<group>"; };
		7856364019F25FD9002C625E /* RasUIKit.m */ = {isa = PBXFileReference; fileEncoding = 4; lastKnownFileType = sourcecode.c.objc; path = RasUIKit.m; sourceTree = "<group>"; };
		7856364219F2601A002C625E /* LocalString.h */ = {isa = PBXFileReference; lastKnownFileType = sourcecode.c.h; path = LocalString.h; sourceTree = "<group>"; };
		7856364919F26136002C625E /* RasDataMgr.h */ = {isa = PBXFileReference; fileEncoding = 4; lastKnownFileType = sourcecode.c.h; path = RasDataMgr.h; sourceTree = "<group>"; };
		7856364A19F26136002C625E /* RasDataMgr.m */ = {isa = PBXFileReference; fileEncoding = 4; lastKnownFileType = sourcecode.c.objc; path = RasDataMgr.m; sourceTree = "<group>"; };
		7856364E19F26167002C625E /* RasBaseViewController.h */ = {isa = PBXFileReference; fileEncoding = 4; lastKnownFileType = sourcecode.c.h; path = RasBaseViewController.h; sourceTree = "<group>"; };
		7856364F19F26167002C625E /* RasBaseViewController.m */ = {isa = PBXFileReference; fileEncoding = 4; lastKnownFileType = sourcecode.c.objc; path = RasBaseViewController.m; sourceTree = "<group>"; };
		7856365219F2618B002C625E /* RasWork.h */ = {isa = PBXFileReference; fileEncoding = 4; lastKnownFileType = sourcecode.c.h; path = RasWork.h; sourceTree = "<group>"; };
		7856365319F2618B002C625E /* RasWork.m */ = {isa = PBXFileReference; fileEncoding = 4; lastKnownFileType = sourcecode.c.objc; path = RasWork.m; sourceTree = "<group>"; };
		7894358919F3588300E5BCAC /* RasMusicSelectViewController.h */ = {isa = PBXFileReference; fileEncoding = 4; lastKnownFileType = sourcecode.c.h; path = RasMusicSelectViewController.h; sourceTree = "<group>"; };
		7894358A19F3588300E5BCAC /* RasMusicSelectViewController.m */ = {isa = PBXFileReference; fileEncoding = 4; lastKnownFileType = sourcecode.c.objc; path = RasMusicSelectViewController.m; sourceTree = "<group>"; };
		7894358B19F3588300E5BCAC /* RasMusicSelectViewController.xib */ = {isa = PBXFileReference; fileEncoding = 4; lastKnownFileType = file.xib; path = RasMusicSelectViewController.xib; sourceTree = "<group>"; };
		78AC313E19F23C810005ADDE /* RFAudioStudio.app */ = {isa = PBXFileReference; explicitFileType = wrapper.application; includeInIndex = 0; path = RFAudioStudio.app; sourceTree = BUILT_PRODUCTS_DIR; };
		78AC314319F23C810005ADDE /* main.m */ = {isa = PBXFileReference; lastKnownFileType = sourcecode.c.objc; path = main.m; sourceTree = "<group>"; };
		78AC314519F23C810005ADDE /* AppDelegate.h */ = {isa = PBXFileReference; lastKnownFileType = sourcecode.c.h; path = AppDelegate.h; sourceTree = "<group>"; };
		78AC314619F23C810005ADDE /* AppDelegate.m */ = {isa = PBXFileReference; lastKnownFileType = sourcecode.c.objc; path = AppDelegate.m; sourceTree = "<group>"; };
		78DFCA7219F4F4ED00741F04 /* RasSliderControl.h */ = {isa = PBXFileReference; fileEncoding = 4; lastKnownFileType = sourcecode.c.h; path = RasSliderControl.h; sourceTree = "<group>"; };
		78DFCA7319F4F4ED00741F04 /* RasSliderControl.m */ = {isa = PBXFileReference; fileEncoding = 4; lastKnownFileType = sourcecode.c.objc; path = RasSliderControl.m; sourceTree = "<group>"; };
		78DFCA7519F4F4FE00741F04 /* RasTrackEditorControl.h */ = {isa = PBXFileReference; fileEncoding = 4; lastKnownFileType = sourcecode.c.h; path = RasTrackEditorControl.h; sourceTree = "<group>"; };
		78DFCA7619F4F4FE00741F04 /* RasTrackEditorControl.m */ = {isa = PBXFileReference; fileEncoding = 4; lastKnownFileType = sourcecode.c.objc; path = RasTrackEditorControl.m; sourceTree = "<group>"; };
		78E6EE2919F360CF0070CD24 /* MediaPlayer.framework */ = {isa = PBXFileReference; lastKnownFileType = wrapper.framework; name = MediaPlayer.framework; path = System/Library/Frameworks/MediaPlayer.framework; sourceTree = SDKROOT; };
		78E6EE2A19F360CF0070CD24 /* MediaToolbox.framework */ = {isa = PBXFileReference; lastKnownFileType = wrapper.framework; name = MediaToolbox.framework; path = System/Library/Frameworks/MediaToolbox.framework; sourceTree = SDKROOT; };
		78E6EE2F19F3C96E0070CD24 /* RasTrackInfo.h */ = {isa = PBXFileReference; fileEncoding = 4; lastKnownFileType = sourcecode.c.h; path = RasTrackInfo.h; sourceTree = "<group>"; };
		78E6EE3019F3C96E0070CD24 /* RasTrackInfo.m */ = {isa = PBXFileReference; fileEncoding = 4; lastKnownFileType = sourcecode.c.objc; path = RasTrackInfo.m; sourceTree = "<group>"; };
/* End PBXFileReference section */

/* Begin PBXFrameworksBuildPhase section */
		78AC313B19F23C810005ADDE /* Frameworks */ = {
			isa = PBXFrameworksBuildPhase;
			buildActionMask = 2147483647;
			files = (
				78E6EE2B19F360CF0070CD24 /* MediaPlayer.framework in Frameworks */,
				78E6EE2C19F360CF0070CD24 /* MediaToolbox.framework in Frameworks */,
				7856354719F23D72002C625E /* CoreGraphics.framework in Frameworks */,
				7856354519F23D61002C625E /* Foundation.framework in Frameworks */,
				7856353719F23D2D002C625E /* AVFoundation.framework in Frameworks */,
				7856354319F23D53002C625E /* UIKit.framework in Frameworks */,
				7856354119F23D4D002C625E /* QuartzCore.framework in Frameworks */,
				7856353F19F23D45002C625E /* CoreAudio.framework in Frameworks */,
				7856353B19F23D3C002C625E /* AudioToolbox.framework in Frameworks */,
				7856353919F23D36002C625E /* Accelerate.framework in Frameworks */,
				7856353519F23D13002C625E /* libTheAmazingAudioEngine.a in Frameworks */,
			);
			runOnlyForDeploymentPostprocessing = 0;
		};
/* End PBXFrameworksBuildPhase section */

/* Begin PBXGroup section */
		7856354819F23DA3002C625E /* Framework */ = {
			isa = PBXGroup;
			children = (
				78E6EE2919F360CF0070CD24 /* MediaPlayer.framework */,
				78E6EE2A19F360CF0070CD24 /* MediaToolbox.framework */,
				7856354619F23D72002C625E /* CoreGraphics.framework */,
				7856354419F23D61002C625E /* Foundation.framework */,
				7856354219F23D53002C625E /* UIKit.framework */,
				7856354019F23D4D002C625E /* QuartzCore.framework */,
				7856353D19F23D45002C625E /* CoreAudio.framework */,
				7856353A19F23D3C002C625E /* AudioToolbox.framework */,
				7856353819F23D36002C625E /* Accelerate.framework */,
				7856353619F23D2D002C625E /* AVFoundation.framework */,
				7856353419F23D13002C625E /* libTheAmazingAudioEngine.a */,
			);
			name = Framework;
			sourceTree = "<group>";
		};
		785635B719F253BB002C625E /* Resource */ = {
			isa = PBXGroup;
			children = (
				785635B819F253BB002C625E /* Audio */,
				785635BD19F253BB002C625E /* Images */,
				785635BE19F253BB002C625E /* Images.xcassets */,
				785635B919F253BB002C625E /* InfoPlist.strings */,
				785635BB19F253BB002C625E /* Localizable.strings */,
				7856364219F2601A002C625E /* LocalString.h */,
				785635C019F253BB002C625E /* multi-language.xls */,
				785635BF19F253BB002C625E /* Info.plist */,
			);
			path = Resource;
			sourceTree = "<group>";
		};
		785635B819F253BB002C625E /* Audio */ = {
			isa = PBXGroup;
			children = (
			);
			path = Audio;
			sourceTree = "<group>";
		};
		785635BD19F253BB002C625E /* Images */ = {
			isa = PBXGroup;
			children = (
				7821185A19F2A90300B122A0 /* Default-568h@2x.png */,
			);
			path = Images;
			sourceTree = "<group>";
		};
		785635C419F253BB002C625E /* Vendor */ = {
			isa = PBXGroup;
			children = (
			);
			path = Vendor;
			sourceTree = "<group>";
		};
		785635CC19F25540002C625E /* RF */ = {
			isa = PBXGroup;
			children = (
				785635CE19F25540002C625E /* Dependence */,
				785635DD19F25540002C625E /* RF.h */,
				785635DA19F25540002C625E /* NSObject+RFEvent.h */,
				785635DB19F25540002C625E /* NSObject+RFEvent.m */,
				785635DE19F25540002C625E /* RFActionSheet.h */,
				785635DF19F25540002C625E /* RFActionSheet.m */,
				785635E019F25540002C625E /* RFAlertView.h */,
				785635E119F25540002C625E /* RFAlertView.m */,
				785635E219F25540002C625E /* RFAppDelegate.h */,
				785635E319F25540002C625E /* RFAppDelegate.m */,
				785635E419F25540002C625E /* RFBaseNavigationController.h */,
				785635E519F25540002C625E /* RFBaseNavigationController.m */,
				785635E619F25540002C625E /* RFBaseTabBarController.h */,
				785635E719F25540002C625E /* RFBaseTabBarController.m */,
				785635E819F25540002C625E /* RFBaseViewController.h */,
				785635E919F25540002C625E /* RFBaseViewController.m */,
				785635EA19F25540002C625E /* RFCmdBaseRequest.h */,
				785635EB19F25540002C625E /* RFCmdBaseRequest.m */,
				785635EC19F25540002C625E /* RFCmdBgRequest.h */,
				785635ED19F25540002C625E /* RFCmdBgRequest.m */,
				785635EE19F25540002C625E /* RFCmdConfig.h */,
				785635EF19F25540002C625E /* RFCmdConfig.m */,
				785635F019F25540002C625E /* RFCmdRequest.h */,
				785635F119F25540002C625E /* RFCmdRequest.m */,
				785635F219F25540002C625E /* RFCmdResult.h */,
				785635F319F25540002C625E /* RFCmdResult.m */,
				785635F419F25540002C625E /* RFColor.h */,
				785635F519F25540002C625E /* RFColor.m */,
				785635F619F25540002C625E /* RFImageWork.h */,
				785635F719F25540002C625E /* RFImageWork.m */,
				785635F819F25540002C625E /* RFKit.h */,
				785635F919F25540002C625E /* RFKit.m */,
				785635FA19F25540002C625E /* RFNetworkKit.h */,
				785635FB19F25540002C625E /* RFNetworkKit.m */,
				785635FC19F25540002C625E /* RFRequestWork.h */,
				785635FD19F25540002C625E /* RFRequestWork.m */,
				785635FE19F25540002C625E /* RFStorageKit.h */,
				785635FF19F25540002C625E /* RFStorageKit.m */,
				7856360019F25540002C625E /* RFTelephone.h */,
				7856360119F25540002C625E /* RFTelephone.m */,
				7856360219F25540002C625E /* RFUICountDownButton.h */,
				7856360319F25540002C625E /* RFUICountDownButton.m */,
				7856360419F25540002C625E /* RFUIKit.h */,
				7856360519F25540002C625E /* RFUIKit.m */,
				7856360619F25540002C625E /* RFUILoadingView.h */,
				7856360719F25540002C625E /* RFUILoadingView.m */,
				7856360819F25540002C625E /* RFUILockView.h */,
				7856360919F25540002C625E /* RFUILockView.m */,
				7856360A19F25540002C625E /* RFUITextField.h */,
				7856360B19F25540002C625E /* RFUITextField.m */,
				7856360C19F25540002C625E /* RFUITextView.h */,
				7856360D19F25540002C625E /* RFUITextView.m */,
				7856360E19F25540002C625E /* RFWork.h */,
				7856360F19F25540002C625E /* RFWork.m */,
				7856361019F25540002C625E /* UIButton+RFImageWork.h */,
				7856361119F25540002C625E /* UIButton+RFImageWork.m */,
				7856361219F25540002C625E /* UIImageView+RFImageWork.h */,
				7856361319F25540002C625E /* UIImageView+RFImageWork.m */,
			);
			name = RF;
			path = ../../RF;
			sourceTree = "<group>";
		};
		785635CE19F25540002C625E /* Dependence */ = {
			isa = PBXGroup;
			children = (
				785635CF19F25540002C625E /* ARCMacros.h */,
				785635D019F25540002C625E /* Reachability.h */,
				785635D119F25540002C625E /* Reachability.m */,
				785635D219F25540002C625E /* SVProgressHUD */,
				785635D719F25540002C625E /* UIPlaceHolderTextView.h */,
				785635D819F25540002C625E /* UIPlaceHolderTextView.m */,
			);
			path = Dependence;
			sourceTree = "<group>";
		};
		785635D219F25540002C625E /* SVProgressHUD */ = {
			isa = PBXGroup;
			children = (
				785635D319F25540002C625E /* SVProgressHUD-Prefix.pch */,
				785635D419F25540002C625E /* SVProgressHUD.bundle */,
				785635D519F25540002C625E /* SVProgressHUD.h */,
				785635D619F25540002C625E /* SVProgressHUD.m */,
			);
			path = SVProgressHUD;
			sourceTree = "<group>";
		};
		7856363719F25949002C625E /* Data */ = {
			isa = PBXGroup;
			children = (
				7856364919F26136002C625E /* RasDataMgr.h */,
				7856364A19F26136002C625E /* RasDataMgr.m */,
				78E6EE2F19F3C96E0070CD24 /* RasTrackInfo.h */,
				78E6EE3019F3C96E0070CD24 /* RasTrackInfo.m */,
			);
			path = Data;
			sourceTree = "<group>";
		};
		7856363819F25949002C625E /* Page */ = {
			isa = PBXGroup;
			children = (
				7856364E19F26167002C625E /* RasBaseViewController.h */,
				7856364F19F26167002C625E /* RasBaseViewController.m */,
				7821185C19F2ABD800B122A0 /* RasBaseNavigationController.h */,
				7821185D19F2ABD800B122A0 /* RasBaseNavigationController.m */,
				7821185319F2A61A00B122A0 /* RasMainViewController.h */,
				7821185419F2A61A00B122A0 /* RasMainViewController.m */,
				7821185519F2A61A00B122A0 /* RasMainViewController.xib */,
				7821185F19F2AC9200B122A0 /* RasRecordViewController.h */,
				7821186019F2AC9200B122A0 /* RasRecordViewController.m */,
				7821186119F2AC9200B122A0 /* RasRecordViewController.xib */,
				7821186419F2ACC800B122A0 /* RasMixerViewController.h */,
				7821186519F2ACC800B122A0 /* RasMixerViewController.m */,
				7821186619F2ACC800B122A0 /* RasMixerViewController.xib */,
				7894358919F3588300E5BCAC /* RasMusicSelectViewController.h */,
				7894358A19F3588300E5BCAC /* RasMusicSelectViewController.m */,
				7894358B19F3588300E5BCAC /* RasMusicSelectViewController.xib */,
			);
			path = Page;
			sourceTree = "<group>";
		};
		7856363919F25949002C625E /* Public */ = {
			isa = PBXGroup;
			children = (
				7856363B19F25FB6002C625E /* Define.h */,
				7856363C19F25FCA002C625E /* RasKit.h */,
				7856363D19F25FCA002C625E /* RasKit.m */,
				7856363F19F25FD9002C625E /* RasUIKit.h */,
				7856364019F25FD9002C625E /* RasUIKit.m */,
			);
			path = Public;
			sourceTree = "<group>";
		};
		7856363A19F25949002C625E /* Work */ = {
			isa = PBXGroup;
			children = (
				7856365219F2618B002C625E /* RasWork.h */,
				7856365319F2618B002C625E /* RasWork.m */,
			);
			path = Work;
			sourceTree = "<group>";
		};
		78AC313519F23C810005ADDE = {
			isa = PBXGroup;
			children = (
				78AC314019F23C810005ADDE /* RFAudioStudio */,
				78AC313F19F23C810005ADDE /* Products */,
			);
			sourceTree = "<group>";
		};
		78AC313F19F23C810005ADDE /* Products */ = {
			isa = PBXGroup;
			children = (
				78AC313E19F23C810005ADDE /* RFAudioStudio.app */,
			);
			name = Products;
			sourceTree = "<group>";
		};
		78AC314019F23C810005ADDE /* RFAudioStudio */ = {
			isa = PBXGroup;
			children = (
				7856363719F25949002C625E /* Data */,
				7856363819F25949002C625E /* Page */,
				78DFCA6B19F4DD5500741F04 /* Control */,
				7856363919F25949002C625E /* Public */,
				7856363A19F25949002C625E /* Work */,
				785635CC19F25540002C625E /* RF */,
				785635C419F253BB002C625E /* Vendor */,
				78AC314519F23C810005ADDE /* AppDelegate.h */,
				78AC314619F23C810005ADDE /* AppDelegate.m */,
				785635B719F253BB002C625E /* Resource */,
				78AC314119F23C810005ADDE /* Supporting Files */,
				7856354819F23DA3002C625E /* Framework */,
			);
			path = RFAudioStudio;
			sourceTree = "<group>";
		};
		78AC314119F23C810005ADDE /* Supporting Files */ = {
			isa = PBXGroup;
			children = (
				785635CB19F2547B002C625E /* Prefix.pch */,
				78AC314319F23C810005ADDE /* main.m */,
			);
			name = "Supporting Files";
			sourceTree = "<group>";
		};
		78DFCA6B19F4DD5500741F04 /* Control */ = {
			isa = PBXGroup;
			children = (
				78DFCA7519F4F4FE00741F04 /* RasTrackEditorControl.h */,
				78DFCA7619F4F4FE00741F04 /* RasTrackEditorControl.m */,
				78DFCA7219F4F4ED00741F04 /* RasSliderControl.h */,
				78DFCA7319F4F4ED00741F04 /* RasSliderControl.m */,
			);
			path = Control;
			sourceTree = "<group>";
		};
/* End PBXGroup section */

/* Begin PBXNativeTarget section */
		78AC313D19F23C810005ADDE /* RFAudioStudio */ = {
			isa = PBXNativeTarget;
			buildConfigurationList = 78AC316119F23C810005ADDE /* Build configuration list for PBXNativeTarget "RFAudioStudio" */;
			buildPhases = (
				7856367819F2A557002C625E /* Update Build Version */,
				78AC313A19F23C810005ADDE /* Sources */,
				78AC313B19F23C810005ADDE /* Frameworks */,
				78AC313C19F23C810005ADDE /* Resources */,
			);
			buildRules = (
			);
			dependencies = (
			);
			name = RFAudioStudio;
			productName = RFAudioStudio;
			productReference = 78AC313E19F23C810005ADDE /* RFAudioStudio.app */;
			productType = "com.apple.product-type.application";
		};
/* End PBXNativeTarget section */

/* Begin PBXProject section */
		78AC313619F23C810005ADDE /* Project object */ = {
			isa = PBXProject;
			attributes = {
				LastUpgradeCheck = 0610;
				ORGANIZATIONNAME = TechAtk;
				TargetAttributes = {
					78AC313D19F23C810005ADDE = {
						CreatedOnToolsVersion = 6.0.1;
					};
				};
			};
			buildConfigurationList = 78AC313919F23C810005ADDE /* Build configuration list for PBXProject "RFAudioStudio" */;
			compatibilityVersion = "Xcode 3.2";
			developmentRegion = English;
			hasScannedForEncodings = 0;
			knownRegions = (
				en,
				Base,
				"zh-Hans",
			);
			mainGroup = 78AC313519F23C810005ADDE;
			productRefGroup = 78AC313F19F23C810005ADDE /* Products */;
			projectDirPath = "";
			projectRoot = "";
			targets = (
				78AC313D19F23C810005ADDE /* RFAudioStudio */,
			);
		};
/* End PBXProject section */

/* Begin PBXResourcesBuildPhase section */
		78AC313C19F23C810005ADDE /* Resources */ = {
			isa = PBXResourcesBuildPhase;
			buildActionMask = 2147483647;
			files = (
				7856361619F25540002C625E /* SVProgressHUD.bundle in Resources */,
				785635C719F253BB002C625E /* Images.xcassets in Resources */,
				785635C619F253BB002C625E /* Localizable.strings in Resources */,
				7894358D19F3588300E5BCAC /* RasMusicSelectViewController.xib in Resources */,
				7821185719F2A61A00B122A0 /* RasMainViewController.xib in Resources */,
				7821186819F2ACC800B122A0 /* RasMixerViewController.xib in Resources */,
				7821186319F2AC9200B122A0 /* RasRecordViewController.xib in Resources */,
				785635C519F253BB002C625E /* InfoPlist.strings in Resources */,
				7821185B19F2A90300B122A0 /* Default-568h@2x.png in Resources */,
			);
			runOnlyForDeploymentPostprocessing = 0;
		};
/* End PBXResourcesBuildPhase section */

/* Begin PBXShellScriptBuildPhase section */
		7856367819F2A557002C625E /* Update Build Version */ = {
			isa = PBXShellScriptBuildPhase;
			buildActionMask = 2147483647;
			files = (
			);
			inputPaths = (
			);
			name = "Update Build Version";
			outputPaths = (
			);
			runOnlyForDeploymentPostprocessing = 0;
			shellPath = /bin/sh;
			shellScript = "if [ \"${CONFIGURATION}\" = \"Release\" ]; then\npath=\"$(pwd)/${INFOPLIST_FILE}\"\nbuild=$(defaults read $path CFBundleVersion)\nplutil -replace CFBundleVersion -string $((build+1)) $path\nfi";
		};
/* End PBXShellScriptBuildPhase section */

/* Begin PBXSourcesBuildPhase section */
		78AC313A19F23C810005ADDE /* Sources */ = {
			isa = PBXSourcesBuildPhase;
			buildActionMask = 2147483647;
			files = (
				7856362119F25540002C625E /* RFBaseViewController.m in Sources */,
				7856361E19F25540002C625E /* RFAppDelegate.m in Sources */,
				7856361A19F25540002C625E /* NSObject+RFEvent.m in Sources */,
				7856363519F25540002C625E /* UIButton+RFImageWork.m in Sources */,
				7856365119F26167002C625E /* RasBaseViewController.m in Sources */,
				7856365419F2618B002C625E /* RasWork.m in Sources */,
				7856362619F25540002C625E /* RFCmdResult.m in Sources */,
				78DFCA7419F4F4ED00741F04 /* RasSliderControl.m in Sources */,
				7856362019F25540002C625E /* RFBaseTabBarController.m in Sources */,
				7856361C19F25540002C625E /* RFActionSheet.m in Sources */,
				7856362C19F25540002C625E /* RFStorageKit.m in Sources */,
				7894358C19F3588300E5BCAC /* RasMusicSelectViewController.m in Sources */,
				7856362819F25540002C625E /* RFImageWork.m in Sources */,
				78E6EE3119F3C96E0070CD24 /* RasTrackInfo.m in Sources */,
				7856361F19F25540002C625E /* RFBaseNavigationController.m in Sources */,
				78AC314719F23C810005ADDE /* AppDelegate.m in Sources */,
				7856362219F25540002C625E /* RFCmdBaseRequest.m in Sources */,
				7856362D19F25540002C625E /* RFTelephone.m in Sources */,
				7856363619F25540002C625E /* UIImageView+RFImageWork.m in Sources */,
				78DFCA7719F4F4FE00741F04 /* RasTrackEditorControl.m in Sources */,
				7856361719F25540002C625E /* SVProgressHUD.m in Sources */,
				7856361D19F25540002C625E /* RFAlertView.m in Sources */,
				7821186719F2ACC800B122A0 /* RasMixerViewController.m in Sources */,
				7856362419F25540002C625E /* RFCmdConfig.m in Sources */,
				7856363219F25540002C625E /* RFUITextField.m in Sources */,
				7856362F19F25540002C625E /* RFUIKit.m in Sources */,
				7821185E19F2ABD800B122A0 /* RasBaseNavigationController.m in Sources */,
				7856362A19F25540002C625E /* RFNetworkKit.m in Sources */,
				7856362319F25540002C625E /* RFCmdBgRequest.m in Sources */,
				7856362E19F25540002C625E /* RFUICountDownButton.m in Sources */,
				7856362719F25540002C625E /* RFColor.m in Sources */,
				7856363E19F25FCA002C625E /* RasKit.m in Sources */,
				7856363319F25540002C625E /* RFUITextView.m in Sources */,
				7821185619F2A61A00B122A0 /* RasMainViewController.m in Sources */,
				7856362B19F25540002C625E /* RFRequestWork.m in Sources */,
				7856362519F25540002C625E /* RFCmdRequest.m in Sources */,
				7856363019F25540002C625E /* RFUILoadingView.m in Sources */,
				7856361819F25540002C625E /* UIPlaceHolderTextView.m in Sources */,
				7856362919F25540002C625E /* RFKit.m in Sources */,
				7856361519F25540002C625E /* Reachability.m in Sources */,
				78AC314419F23C810005ADDE /* main.m in Sources */,
				7856363419F25540002C625E /* RFWork.m in Sources */,
				7856364119F25FD9002C625E /* RasUIKit.m in Sources */,
				7856363119F25540002C625E /* RFUILockView.m in Sources */,
				7856364B19F26136002C625E /* RasDataMgr.m in Sources */,
				7821186219F2AC9200B122A0 /* RasRecordViewController.m in Sources */,
			);
			runOnlyForDeploymentPostprocessing = 0;
		};
/* End PBXSourcesBuildPhase section */

/* Begin PBXVariantGroup section */
		785635B919F253BB002C625E /* InfoPlist.strings */ = {
			isa = PBXVariantGroup;
			children = (
				785635BA19F253BB002C625E /* en */,
				785635C219F253BB002C625E /* zh-Hans */,
			);
			name = InfoPlist.strings;
			sourceTree = "<group>";
		};
		785635BB19F253BB002C625E /* Localizable.strings */ = {
			isa = PBXVariantGroup;
			children = (
				785635BC19F253BB002C625E /* en */,
				785635C319F253BB002C625E /* zh-Hans */,
			);
			name = Localizable.strings;
			sourceTree = "<group>";
		};
/* End PBXVariantGroup section */

/* Begin XCBuildConfiguration section */
		78AC315F19F23C810005ADDE /* Debug */ = {
			isa = XCBuildConfiguration;
			buildSettings = {
				ALWAYS_SEARCH_USER_PATHS = NO;
				CLANG_CXX_LANGUAGE_STANDARD = "gnu++0x";
				CLANG_CXX_LIBRARY = "libc++";
				CLANG_ENABLE_MODULES = YES;
				CLANG_ENABLE_OBJC_ARC = YES;
				CLANG_WARN_BOOL_CONVERSION = YES;
				CLANG_WARN_CONSTANT_CONVERSION = YES;
				CLANG_WARN_DIRECT_OBJC_ISA_USAGE = YES_ERROR;
				CLANG_WARN_EMPTY_BODY = YES;
				CLANG_WARN_ENUM_CONVERSION = YES;
				CLANG_WARN_INT_CONVERSION = YES;
				CLANG_WARN_OBJC_ROOT_CLASS = YES_ERROR;
				CLANG_WARN_UNREACHABLE_CODE = YES;
				CLANG_WARN__DUPLICATE_METHOD_MATCH = YES;
				"CODE_SIGN_IDENTITY[sdk=iphoneos*]" = "iPhone Developer";
				COPY_PHASE_STRIP = NO;
				ENABLE_STRICT_OBJC_MSGSEND = YES;
				GCC_C_LANGUAGE_STANDARD = gnu99;
				GCC_DYNAMIC_NO_PIC = NO;
				GCC_OPTIMIZATION_LEVEL = 0;
				GCC_PREPROCESSOR_DEFINITIONS = (
					"DEBUG=1",
					"$(inherited)",
				);
				GCC_SYMBOLS_PRIVATE_EXTERN = NO;
				GCC_WARN_64_TO_32_BIT_CONVERSION = YES;
				GCC_WARN_ABOUT_RETURN_TYPE = YES_ERROR;
				GCC_WARN_UNDECLARED_SELECTOR = YES;
				GCC_WARN_UNINITIALIZED_AUTOS = YES_AGGRESSIVE;
				GCC_WARN_UNUSED_FUNCTION = YES;
				GCC_WARN_UNUSED_VARIABLE = YES;
				IPHONEOS_DEPLOYMENT_TARGET = 7.0;
				MTL_ENABLE_DEBUG_INFO = YES;
				ONLY_ACTIVE_ARCH = YES;
				PROVISIONING_PROFILE = "f96f2916-d447-4222-9b3c-c46ad7a8ac62";
				SDKROOT = iphoneos;
			};
			name = Debug;
		};
		78AC316019F23C810005ADDE /* Release */ = {
			isa = XCBuildConfiguration;
			buildSettings = {
				ALWAYS_SEARCH_USER_PATHS = NO;
				CLANG_CXX_LANGUAGE_STANDARD = "gnu++0x";
				CLANG_CXX_LIBRARY = "libc++";
				CLANG_ENABLE_MODULES = YES;
				CLANG_ENABLE_OBJC_ARC = YES;
				CLANG_WARN_BOOL_CONVERSION = YES;
				CLANG_WARN_CONSTANT_CONVERSION = YES;
				CLANG_WARN_DIRECT_OBJC_ISA_USAGE = YES_ERROR;
				CLANG_WARN_EMPTY_BODY = YES;
				CLANG_WARN_ENUM_CONVERSION = YES;
				CLANG_WARN_INT_CONVERSION = YES;
				CLANG_WARN_OBJC_ROOT_CLASS = YES_ERROR;
				CLANG_WARN_UNREACHABLE_CODE = YES;
				CLANG_WARN__DUPLICATE_METHOD_MATCH = YES;
				"CODE_SIGN_IDENTITY[sdk=iphoneos*]" = "iPhone Developer";
				COPY_PHASE_STRIP = YES;
				ENABLE_NS_ASSERTIONS = NO;
				ENABLE_STRICT_OBJC_MSGSEND = YES;
				GCC_C_LANGUAGE_STANDARD = gnu99;
				GCC_WARN_64_TO_32_BIT_CONVERSION = YES;
				GCC_WARN_ABOUT_RETURN_TYPE = YES_ERROR;
				GCC_WARN_UNDECLARED_SELECTOR = YES;
				GCC_WARN_UNINITIALIZED_AUTOS = YES_AGGRESSIVE;
				GCC_WARN_UNUSED_FUNCTION = YES;
				GCC_WARN_UNUSED_VARIABLE = YES;
				IPHONEOS_DEPLOYMENT_TARGET = 7.0;
				MTL_ENABLE_DEBUG_INFO = NO;
				SDKROOT = iphoneos;
				VALIDATE_PRODUCT = YES;
			};
			name = Release;
		};
		78AC316219F23C810005ADDE /* Debug */ = {
			isa = XCBuildConfiguration;
			buildSettings = {
				ALWAYS_SEARCH_USER_PATHS = YES;
				ASSETCATALOG_COMPILER_APPICON_NAME = AppIcon;
				ASSETCATALOG_COMPILER_LAUNCHIMAGE_NAME = LaunchImage;
				ENABLE_STRICT_OBJC_MSGSEND = NO;
				GCC_PRECOMPILE_PREFIX_HEADER = YES;
				GCC_PREFIX_HEADER = RFAudioStudio/Prefix.pch;
				HEADER_SEARCH_PATHS = (
					"$(inherited)",
					"${BUILT_PRODUCTS_DIR}",
				);
				INFOPLIST_FILE = RFAudioStudio/Resource/Info.plist;
				LD_RUNPATH_SEARCH_PATHS = "$(inherited) @executable_path/Frameworks";
				LIBRARY_SEARCH_PATHS = (
					"$(inherited)",
					"${BUILT_PRODUCTS_DIR}",
				);
				PRODUCT_NAME = "$(TARGET_NAME)";
				TARGETED_DEVICE_FAMILY = 1;
			};
			name = Debug;
		};
		78AC316319F23C810005ADDE /* Release */ = {
			isa = XCBuildConfiguration;
			buildSettings = {
				ALWAYS_SEARCH_USER_PATHS = YES;
				ASSETCATALOG_COMPILER_APPICON_NAME = AppIcon;
				ASSETCATALOG_COMPILER_LAUNCHIMAGE_NAME = LaunchImage;
				ENABLE_STRICT_OBJC_MSGSEND = NO;
				GCC_PRECOMPILE_PREFIX_HEADER = YES;
				GCC_PREFIX_HEADER = RFAudioStudio/Prefix.pch;
				HEADER_SEARCH_PATHS = (
					"$(inherited)",
					"${BUILT_PRODUCTS_DIR}",
				);
				INFOPLIST_FILE = RFAudioStudio/Resource/Info.plist;
				LD_RUNPATH_SEARCH_PATHS = "$(inherited) @executable_path/Frameworks";
				LIBRARY_SEARCH_PATHS = (
					"$(inherited)",
					"${BUILT_PRODUCTS_DIR}",
				);
				PRODUCT_NAME = "$(TARGET_NAME)";
				TARGETED_DEVICE_FAMILY = 1;
			};
			name = Release;
		};
/* End XCBuildConfiguration section */

/* Begin XCConfigurationList section */
		78AC313919F23C810005ADDE /* Build configuration list for PBXProject "RFAudioStudio" */ = {
			isa = XCConfigurationList;
			buildConfigurations = (
				78AC315F19F23C810005ADDE /* Debug */,
				78AC316019F23C810005ADDE /* Release */,
			);
			defaultConfigurationIsVisible = 0;
			defaultConfigurationName = Release;
		};
		78AC316119F23C810005ADDE /* Build configuration list for PBXNativeTarget "RFAudioStudio" */ = {
			isa = XCConfigurationList;
			buildConfigurations = (
				78AC316219F23C810005ADDE /* Debug */,
				78AC316319F23C810005ADDE /* Release */,
			);
			defaultConfigurationIsVisible = 0;
			defaultConfigurationName = Release;
		};
/* End XCConfigurationList section */
	};
	rootObject = 78AC313619F23C810005ADDE /* Project object */;
}
